version = 1
revision = 3
requires-python = ">=3.13"

[[package]]
name = "black"
version = "22.1.0"
source = { registry = "https://mirrors.aliyun.com/pypi/simple/" }
dependencies = [
    { name = "click" },
    { name = "mypy-extensions" },
    { name = "pathspec" },
    { name = "platformdirs" },
    { name = "tomli" },
]
sdist = { url = "https://mirrors.aliyun.com/pypi/packages/42/58/8a3443a5034685152270f9012a9d196c9f165791ed3f2777307708b15f6c/black-22.1.0.tar.gz", hash = "sha256:a7c0192d35635f6fc1174be575cb7915e92e5dd629ee79fdaf0dcfa41a80afb5" }
wheels = [
    { url = "https://mirrors.aliyun.com/pypi/packages/a5/59/bd6d44da2b364fd2bd7a0b2ce2edfe200b79faad1cde14ce5ef13d504393/black-22.1.0-py3-none-any.whl", hash = "sha256:3524739d76b6b3ed1132422bf9d82123cd1705086723bc3e235ca39fd21c667d" },
]

[[package]]
name = "blue"
version = "0.9.1"
source = { registry = "https://mirrors.aliyun.com/pypi/simple/" }
dependencies = [
    { name = "black" },
    { name = "flake8" },
]
sdist = { url = "https://mirrors.aliyun.com/pypi/packages/68/5a/ef15e7accbe49dbeeb8e7c01e13b8459006c6fed4db8fe833f2ae4924fd7/blue-0.9.1.tar.gz", hash = "sha256:76b4f26884a8425042356601d80773db6e0e14bebaa7a59d7c54bf8cef2e2af5" }
wheels = [
    { url = "https://mirrors.aliyun.com/pypi/packages/c5/7b/e6bfbe69b8b22abbfbdd993142bcabd1b2ce237a42c250181c5152052feb/blue-0.9.1-py3-none-any.whl", hash = "sha256:037742c072c58a2ff024f59fb9164257b907f97f8f862008db3b013d1f27cc22" },
]

[[package]]
name = "chardet"
version = "7.0.1"
source = { registry = "https://mirrors.aliyun.com/pypi/simple/" }
sdist = { url = "https://mirrors.aliyun.com/pypi/packages/6c/80/4684035f1a2a3096506bc377276a815ccf0be3c3316eab35d589e82d9f3c/chardet-7.0.1.tar.gz", hash = "sha256:6fce895c12c5495bb598e59ae3cd89306969b4464ec7b6dd609b9c86e3397fe3" }
wheels = [
    { url = "https://mirrors.aliyun.com/pypi/packages/56/26/1a22b9a19b4ca167ca462eaf91d0fc31285874d80b0381c55fdc5bc5f066/chardet-7.0.1-cp313-cp313-macosx_10_13_x86_64.whl", hash = "sha256:67fe3f453416ed9343057dcf06583b36aae6d8bdb013370b3ff46bc37b7e30ac" },
    { url = "https://mirrors.aliyun.com/pypi/packages/24/fe/2f2425f3b0801e897653723ee827bc87e5a0feacf826ab268a9216680615/chardet-7.0.1-cp313-cp313-macosx_11_0_arm64.whl", hash = "sha256:63bc210ce73f8a1b87430b949f84d086cb326d67eb259305862e7c8861b73374" },
    { url = "https://mirrors.aliyun.com/pypi/packages/b2/8c/6b5f4b49c471b396bdbddad55b569e05d686ea65d91795dae6c774b285f0/chardet-7.0.1-cp313-cp313-manylinux2014_aarch64.manylinux_2_17_aarch64.manylinux_2_28_aarch64.whl", hash = "sha256:11f51985946b49739968b6dc2fa70e7d8f490bb15574377c5ee114f33d19ef7e" },
    { url = "https://mirrors.aliyun.com/pypi/packages/b9/45/860a82d618e5c3930faef0a0fe205b752323e5d10ce0c18fe5016fd4f8d2/chardet-7.0.1-cp313-cp313-manylinux2014_x86_64.manylinux_2_17_x86_64.manylinux_2_28_x86_64.whl", hash = "sha256:8714f0013c208452a98e23595d99cef53c5364565454425f431446eb586e2591" },
    { url = "https://mirrors.aliyun.com/pypi/packages/ed/44/7acb8f84fc7b5ad3c977ac31865b308881da1c0a6ca58be35554d2473dd7/chardet-7.0.1-cp313-cp313-win_amd64.whl", hash = "sha256:c12abc65830068ad05bd257fb953aaaf63a551446688e03e145522086be5738c" },
    { url = "https://mirrors.aliyun.com/pypi/packages/b5/bd/30c131115b0b3ba72da996ba4fefe23d9ac96ff55f9e981bcf1896bff516/chardet-7.0.1-cp314-cp314-macosx_10_15_x86_64.whl", hash = "sha256:88793aeebb28a5296eea9bdd9b5e74ee4e3582766a6a2cb7f39e4761a96fdd55" },
    { url = "https://mirrors.aliyun.com/pypi/packages/98/2d/5f77ea0d96cf89e8312261a435c6899e023c672a7d20287997647c0da079/chardet-7.0.1-cp314-cp314-macosx_11_0_arm64.whl", hash = "sha256:44011e3b4fd4a8a15bc94736717414b7ec82880066fb22d9f476c68a4ded2647" },
    { url = "https://mirrors.aliyun.com/pypi/packages/15/03/0f3fe90b5fba51e3f79c48b299497626ff231a1a3326865cf8edb94f65f6/chardet-7.0.1-cp314-cp314-manylinux2014_aarch64.manylinux_2_17_aarch64.manylinux_2_28_aarch64.whl", hash = "sha256:33f4132f9781302beff34713fe6c990badd009aa8ea730611aef0931b27f1541" },
    { url = "https://mirrors.aliyun.com/pypi/packages/89/3b/a8d2a8ee1baa43f8d3b06c8fd9a86317ea4418b2c90fbe084c45665916e0/chardet-7.0.1-cp314-cp314-manylinux2014_x86_64.manylinux_2_17_x86_64.manylinux_2_28_x86_64.whl", hash = "sha256:1566d0f91990b8f33b53836391d557f779584bd48beabf90efbf7a6efa89179e" },
    { url = "https://mirrors.aliyun.com/pypi/packages/9c/46/71151da7b43673ef8b1bb83503e0e4ac9658d24b908f208a84d439767036/chardet-7.0.1-cp314-cp314-win_amd64.whl", hash = "sha256:9e827211249d8e3cacc1adf6950a7a8cf56920e5e303e56dcab827b71c03df33" },
    { url = "https://mirrors.aliyun.com/pypi/packages/a3/1f/c1a089db6333b1283409cad3714b8935e7e56722c9c60f9299726a1e57c2/chardet-7.0.1-py3-none-any.whl", hash = "sha256:e51e1ff2c51b2d622d97c9737bd5ee9d9b9038f05b7dd8f9ea10b9e2d9674c24" },
]

[[package]]
name = "click"
version = "8.3.1"
source = { registry = "https://mirrors.aliyun.com/pypi/simple/" }
dependencies = [
    { name = "colorama", marker = "sys_platform == 'win32'" },
]
sdist = { url = "https://mirrors.aliyun.com/pypi/packages/3d/fa/656b739db8587d7b5dfa22e22ed02566950fbfbcdc20311993483657a5c0/click-8.3.1.tar.gz", hash = "sha256:12ff4785d337a1bb490bb7e9c2b1ee5da3112e94a8622f26a6c77f5d2fc6842a" }
wheels = [
    { url = "https://mirrors.aliyun.com/pypi/packages/98/78/01c019cdb5d6498122777c1a43056ebb3ebfeef2076d9d026bfe15583b2b/click-8.3.1-py3-none-any.whl", hash = "sha256:981153a64e25f12d547d3426c367a4857371575ee7ad18df2a6183ab0545b2a6" },
]

[[package]]
name = "colorama"
version = "0.4.6"
source = { registry = "https://mirrors.aliyun.com/pypi/simple/" }
sdist = { url = "https://mirrors.aliyun.com/pypi/packages/d8/53/6f443c9a4a8358a93a6792e2acffb9d9d5cb0a5cfd8802644b7b1c9a02e4/colorama-0.4.6.tar.gz", hash = "sha256:08695f5cb7ed6e0531a20572697297273c47b8cae5a63ffc6d6ed5c201be6e44" }
wheels = [
    { url = "https://mirrors.aliyun.com/pypi/packages/d1/d6/3965ed04c63042e047cb6a3e6ed1a63a35087b6a609aa3a15ed8ac56c221/colorama-0.4.6-py2.py3-none-any.whl", hash = "sha256:4f1d9991f5acc0ca119f9d443620b77f9d6b33703e51011c16baf57afb285fc6" },
]

[[package]]
name = "flake8"
version = "4.0.1"
source = { registry = "https://mirrors.aliyun.com/pypi/simple/" }
dependencies = [
    { name = "mccabe" },
    { name = "pycodestyle" },
    { name = "pyflakes" },
]
sdist = { url = "https://mirrors.aliyun.com/pypi/packages/e6/84/d8db922289195c435779b4ca3a3f583f263f87e67954f7b2e83c8da21f48/flake8-4.0.1.tar.gz", hash = "sha256:806e034dda44114815e23c16ef92f95c91e4c71100ff52813adf7132a6ad870d" }
wheels = [
    { url = "https://mirrors.aliyun.com/pypi/packages/34/39/cde2c8a227abb4f9ce62fe55586b920f438f1d2903a1a22514d0b982c333/flake8-4.0.1-py2.py3-none-any.whl", hash = "sha256:479b1304f72536a55948cb40a32dce8bb0ffe3501e26eaf292c7e60eb5e0428d" },
]

[[package]]
name = "iniconfig"
version = "2.3.0"
source = { registry = "https://mirrors.aliyun.com/pypi/simple/" }
sdist = { url = "https://mirrors.aliyun.com/pypi/packages/72/34/14ca021ce8e5dfedc35312d08ba8bf51fdd999c576889fc2c24cb97f4f10/iniconfig-2.3.0.tar.gz", hash = "sha256:c76315c77db068650d49c5b56314774a7804df16fee4402c1f19d6d15d8c4730" }
wheels = [
    { url = "https://mirrors.aliyun.com/pypi/packages/cb/b1/3846dd7f199d53cb17f49cba7e651e9ce294d8497c8c150530ed11865bb8/iniconfig-2.3.0-py3-none-any.whl", hash = "sha256:f631c04d2c48c52b84d0d0549c99ff3859c98df65b3101406327ecc7d53fbf12" },
]

[[package]]
name = "mccabe"
version = "0.6.1"
source = { registry = "https://mirrors.aliyun.com/pypi/simple/" }
sdist = { url = "https://mirrors.aliyun.com/pypi/packages/06/18/fa675aa501e11d6d6ca0ae73a101b2f3571a565e0f7d38e062eec18a91ee/mccabe-0.6.1.tar.gz", hash = "sha256:dd8d182285a0fe56bace7f45b5e7d1a6ebcbf524e8f3bd87eb0f125271b8831f" }
wheels = [
    { url = "https://mirrors.aliyun.com/pypi/packages/87/89/479dc97e18549e21354893e4ee4ef36db1d237534982482c3681ee6e7b57/mccabe-0.6.1-py2.py3-none-any.whl", hash = "sha256:ab8a6258860da4b6677da4bd2fe5dc2c659cff31b3ee4f7f5d64e79735b80d42" },
]

[[package]]
name = "mypy-extensions"
version = "1.1.0"
source = { registry = "https://mirrors.aliyun.com/pypi/simple/" }
sdist = { url = "https://mirrors.aliyun.com/pypi/packages/a2/6e/371856a3fb9d31ca8dac321cda606860fa4548858c0cc45d9d1d4ca2628b/mypy_extensions-1.1.0.tar.gz", hash = "sha256:52e68efc3284861e772bbcd66823fde5ae21fd2fdb51c62a211403730b916558" }
wheels = [
    { url = "https://mirrors.aliyun.com/pypi/packages/79/7b/2c79738432f5c924bef5071f933bcc9efd0473bac3b4aa584a6f7c1c8df8/mypy_extensions-1.1.0-py3-none-any.whl", hash = "sha256:1be4cccdb0f2482337c4743e60421de3a356cd97508abadd57d47403e94f5505" },
]

[[package]]
name = "packaging"
version = "26.0"
source = { registry = "https://mirrors.aliyun.com/pypi/simple/" }
sdist = { url = "https://mirrors.aliyun.com/pypi/packages/65/ee/299d360cdc32edc7d2cf530f3accf79c4fca01e96ffc950d8a52213bd8e4/packaging-26.0.tar.gz", hash = "sha256:00243ae351a257117b6a241061796684b084ed1c516a08c48a3f7e147a9d80b4" }
wheels = [
    { url = "https://mirrors.aliyun.com/pypi/packages/b7/b9/c538f279a4e237a006a2c98387d081e9eb060d203d8ed34467cc0f0b9b53/packaging-26.0-py3-none-any.whl", hash = "sha256:b36f1fef9334a5588b4166f8bcd26a14e521f2b55e6b9de3aaa80d3ff7a37529" },
]

[[package]]
name = "pathspec"
version = "1.0.4"
source = { registry = "https://mirrors.aliyun.com/pypi/simple/" }
sdist = { url = "https://mirrors.aliyun.com/pypi/packages/fa/36/e27608899f9b8d4dff0617b2d9ab17ca5608956ca44461ac14ac48b44015/pathspec-1.0.4.tar.gz", hash = "sha256:0210e2ae8a21a9137c0d470578cb0e595af87edaa6ebf12ff176f14a02e0e645" }
wheels = [
    { url = "https://mirrors.aliyun.com/pypi/packages/ef/3c/2c197d226f9ea224a9ab8d197933f9da0ae0aac5b6e0f884e2b8d9c8e9f7/pathspec-1.0.4-py3-none-any.whl", hash = "sha256:fb6ae2fd4e7c921a165808a552060e722767cfa526f99ca5156ed2ce45a5c723" },
]

[[package]]
name = "platformdirs"
version = "4.9.4"
source = { registry = "https://mirrors.aliyun.com/pypi/simple/" }
sdist = { url = "https://mirrors.aliyun.com/pypi/packages/19/56/8d4c30c8a1d07013911a8fdbd8f89440ef9f08d07a1b50ab8ca8be5a20f9/platformdirs-4.9.4.tar.gz", hash = "sha256:1ec356301b7dc906d83f371c8f487070e99d3ccf9e501686456394622a01a934" }
wheels = [
    { url = "https://mirrors.aliyun.com/pypi/packages/63/d7/97f7e3a6abb67d8080dd406fd4df842c2be0efaf712d1c899c32a075027c/platformdirs-4.9.4-py3-none-any.whl", hash = "sha256:68a9a4619a666ea6439f2ff250c12a853cd1cbd5158d258bd824a7df6be2f868" },
]

[[package]]
name = "pluggy"
version = "1.6.0"
source = { registry = "https://mirrors.aliyun.com/pypi/simple/" }
sdist = { url = "https://mirrors.aliyun.com/pypi/packages/f9/e2/3e91f31a7d2b083fe6ef3fa267035b518369d9511ffab804f839851d2779/pluggy-1.6.0.tar.gz", hash = "sha256:7dcc130b76258d33b90f61b658791dede3486c3e6bfb003ee5c9bfb396dd22f3" }
wheels = [
    { url = "https://mirrors.aliyun.com/pypi/packages/54/20/4d324d65cc6d9205fabedc306948156824eb9f0ee1633355a8f7ec5c66bf/pluggy-1.6.0-py3-none-any.whl", hash = "sha256:e920276dd6813095e9377c0bc5566d94c932c33b27a3e3945d8389c374dd4746" },
]

[[package]]
name = "pycodestyle"
version = "2.8.0"
source = { registry = "https://mirrors.aliyun.com/pypi/simple/" }
sdist = { url = "https://mirrors.aliyun.com/pypi/packages/08/dc/b29daf0a202b03f57c19e7295b60d1d5e1281c45a6f5f573e41830819918/pycodestyle-2.8.0.tar.gz", hash = "sha256:eddd5847ef438ea1c7870ca7eb78a9d47ce0cdb4851a5523949f2601d0cbbe7f" }
wheels = [
    { url = "https://mirrors.aliyun.com/pypi/packages/15/94/bc43a2efb7b8615e38acde2b6624cae8c9ec86faf718ff5676c5179a7714/pycodestyle-2.8.0-py2.py3-none-any.whl", hash = "sha256:720f8b39dde8b293825e7ff02c475f3077124006db4f440dcbc9a20b76548a20" },
]

[[package]]
name = "pyflakes"
version = "2.4.0"
source = { registry = "https://mirrors.aliyun.com/pypi/simple/" }
sdist = { url = "https://mirrors.aliyun.com/pypi/packages/15/60/c577e54518086e98470e9088278247f4af1d39cb43bcbd731e2c307acd6a/pyflakes-2.4.0.tar.gz", hash = "sha256:05a85c2872edf37a4ed30b0cce2f6093e1d0581f8c19d7393122da7e25b2b24c" }
wheels = [
    { url = "https://mirrors.aliyun.com/pypi/packages/43/fb/38848eb494af7df9aeb2d7673ace8b213313eb7e391691a79dbaeb6a838f/pyflakes-2.4.0-py2.py3-none-any.whl", hash = "sha256:3bb3a3f256f4b7968c9c788781e4ff07dce46bdf12339dcda61053375426ee2e" },
]

[[package]]
name = "pygame"
version = "2.6.1"
source = { registry = "https://mirrors.aliyun.com/pypi/simple/" }
sdist = { url = "https://mirrors.aliyun.com/pypi/packages/49/cc/08bba60f00541f62aaa252ce0cfbd60aebd04616c0b9574f755b583e45ae/pygame-2.6.1.tar.gz", hash = "sha256:56fb02ead529cee00d415c3e007f75e0780c655909aaa8e8bf616ee09c9feb1f" }
wheels = [
    { url = "https://mirrors.aliyun.com/pypi/packages/e1/91/718acf3e2a9d08a6ddcc96bd02a6f63c99ee7ba14afeaff2a51c987df0b9/pygame-2.6.1-cp313-cp313-macosx_10_13_x86_64.whl", hash = "sha256:ae6039f3a55d800db80e8010f387557b528d34d534435e0871326804df2a62f2" },
    { url = "https://mirrors.aliyun.com/pypi/packages/0e/c6/9cb315de851a7682d9c7568a41ea042ee98d668cb8deadc1dafcab6116f0/pygame-2.6.1-cp313-cp313-macosx_11_0_arm64.whl", hash = "sha256:2a3a1288e2e9b1e5834e425bedd5ba01a3cd4902b5c2bff8ed4a740ccfe98171" },
    { url = "https://mirrors.aliyun.com/pypi/packages/9f/8f/617a1196e31ae3b46be6949fbaa95b8c93ce15e0544266198c2266cc1b4d/pygame-2.6.1-cp313-cp313-manylinux_2_17_aarch64.manylinux2014_aarch64.whl", hash = "sha256:27eb17e3dc9640e4b4683074f1890e2e879827447770470c2aba9f125f74510b" },
    { url = "https://mirrors.aliyun.com/pypi/packages/3b/87/2851a564e40a2dad353f1c6e143465d445dab18a95281f9ea458b94f3608/pygame-2.6.1-cp313-cp313-manylinux_2_17_i686.manylinux2014_i686.whl", hash = "sha256:4c1623180e70a03c4a734deb9bac50fc9c82942ae84a3a220779062128e75f3b" },
    { url = "https://mirrors.aliyun.com/pypi/packages/85/b5/aa23aa2e70bcba42c989c02e7228273c30f3b44b9b264abb93eaeff43ad7/pygame-2.6.1-cp313-cp313-manylinux_2_17_x86_64.manylinux2014_x86_64.whl", hash = "sha256:ef07c0103d79492c21fced9ad68c11c32efa6801ca1920ebfd0f15fb46c78b1c" },
    { url = "https://mirrors.aliyun.com/pypi/packages/a6/06/29e939b34d3f1354738c7d201c51c250ad7abefefaf6f8332d962ff67c4b/pygame-2.6.1-cp313-cp313-win32.whl", hash = "sha256:3acd8c009317190c2bfd81db681ecef47d5eb108c2151d09596d9c7ea9df5c0e" },
    { url = "https://mirrors.aliyun.com/pypi/packages/7e/11/17f7f319ca91824b86557e9303e3b7a71991ef17fd45286bf47d7f0a38e6/pygame-2.6.1-cp313-cp313-win_amd64.whl", hash = "sha256:813af4fba5d0b2cb8e58f5d95f7910295c34067dcc290d34f1be59c48bd1ea6a" },
]

[[package]]
name = "pygments"
version = "2.19.2"
source = { registry = "https://mirrors.aliyun.com/pypi/simple/" }
sdist = { url = "https://mirrors.aliyun.com/pypi/packages/b0/77/a5b8c569bf593b0140bde72ea885a803b82086995367bf2037de0159d924/pygments-2.19.2.tar.gz", hash = "sha256:636cb2477cec7f8952536970bc533bc43743542f70392ae026374600add5b887" }
wheels = [
    { url = "https://mirrors.aliyun.com/pypi/packages/c7/21/705964c7812476f378728bdf590ca4b771ec72385c533964653c68e86bdc/pygments-2.19.2-py3-none-any.whl", hash = "sha256:86540386c03d588bb81d44bc3928634ff26449851e99741617ecb9037ee5ec0b" },
]

[[package]]
name = "pytest"
version = "9.0.2"
source = { registry = "https://mirrors.aliyun.com/pypi/simple/" }
dependencies = [
    { name = "colorama", marker = "sys_platform == 'win32'" },
    { name = "iniconfig" },
    { name = "packaging" },
    { name = "pluggy" },
    { name = "pygments" },
]
sdist = { url = "https://mirrors.aliyun.com/pypi/packages/d1/db/7ef3487e0fb0049ddb5ce41d3a49c235bf9ad299b6a25d5780a89f19230f/pytest-9.0.2.tar.gz", hash = "sha256:75186651a92bd89611d1d9fc20f0b4345fd827c41ccd5c299a868a05d70edf11" }
wheels = [
    { url = "https://mirrors.aliyun.com/pypi/packages/3b/ab/b3226f0bd7cdcf710fbede2b3548584366da3b19b5021e74f5bde2a8fa3f/pytest-9.0.2-py3-none-any.whl", hash = "sha256:711ffd45bf766d5264d487b917733b453d917afd2b0ad65223959f59089f875b" },
]

[[package]]
name = "pywin32"
version = "311"
source = { registry = "https://mirrors.aliyun.com/pypi/simple/" }
wheels = [
    { url = "https://mirrors.aliyun.com/pypi/packages/a5/be/3fd5de0979fcb3994bfee0d65ed8ca9506a8a1260651b86174f6a86f52b3/pywin32-311-cp313-cp313-win32.whl", hash = "sha256:f95ba5a847cba10dd8c4d8fefa9f2a6cf283b8b88ed6178fa8a6c1ab16054d0d" },
    { url = "https://mirrors.aliyun.com/pypi/packages/e3/28/e0a1909523c6890208295a29e05c2adb2126364e289826c0a8bc7297bd5c/pywin32-311-cp313-cp313-win_amd64.whl", hash = "sha256:718a38f7e5b058e76aee1c56ddd06908116d35147e133427e59a3983f703a20d" },
    { url = "https://mirrors.aliyun.com/pypi/packages/04/bf/90339ac0f55726dce7d794e6d79a18a91265bdf3aa70b6b9ca52f35e022a/pywin32-311-cp313-cp313-win_arm64.whl", hash = "sha256:7b4075d959648406202d92a2310cb990fea19b535c7f4a78d3f5e10b926eeb8a" },
    { url = "https://mirrors.aliyun.com/pypi/packages/c9/31/097f2e132c4f16d99a22bfb777e0fd88bd8e1c634304e102f313af69ace5/pywin32-311-cp314-cp314-win32.whl", hash = "sha256:b7a2c10b93f8986666d0c803ee19b5990885872a7de910fc460f9b0c2fbf92ee" },
    { url = "https://mirrors.aliyun.com/pypi/packages/90/4b/07c77d8ba0e01349358082713400435347df8426208171ce297da32c313d/pywin32-311-cp314-cp314-win_amd64.whl", hash = "sha256:3aca44c046bd2ed8c90de9cb8427f581c479e594e99b5c0bb19b29c10fd6cb87" },
    { url = "https://mirrors.aliyun.com/pypi/packages/c0/d2/21af5c535501a7233e734b8af901574572da66fcc254cb35d0609c9080dd/pywin32-311-cp314-cp314-win_arm64.whl", hash = "sha256:a508e2d9025764a8270f93111a970e1d0fbfc33f4153b388bb649b7eec4f9b42" },
]

[[package]]
name = "rcp3-ce"
version = "0.1.0"
source = { virtual = "." }
dependencies = [
    { name = "chardet" },
    { name = "pygame" },
    { name = "pywin32", marker = "sys_platform == 'win32'" },
]

[package.optional-dependencies]
dev = [
    { name = "blue" },
    { name = "pytest" },
    { name = "ruff" },
    { name = "ty" },
]

[package.metadata]
requires-dist = [
    { name = "blue", marker = "extra == 'dev'", specifier = ">=0.9.1" },
    { name = "chardet" },
    { name = "pygame" },
    { name = "pytest", marker = "extra == 'dev'" },
    { name = "pywin32", marker = "sys_platform == 'win32'" },
    { name = "ruff", marker = "extra == 'dev'" },
    { name = "ty", marker = "extra == 'dev'" },
]
provides-extras = ["dev"]

[[package]]
name = "ruff"
version = "0.15.5"
source = { registry = "https://mirrors.aliyun.com/pypi/simple/" }
sdist = { url = "https://mirrors.aliyun.com/pypi/packages/77/9b/840e0039e65fcf12758adf684d2289024d6140cde9268cc59887dc55189c/ruff-0.15.5.tar.gz", hash = "sha256:7c3601d3b6d76dce18c5c824fc8d06f4eef33d6df0c21ec7799510cde0f159a2" }
wheels = [
    { url = "https://mirrors.aliyun.com/pypi/packages/47/20/5369c3ce21588c708bcbe517a8fbe1a8dfdb5dfd5137e14790b1da71612c/ruff-0.15.5-py3-none-linux_armv6l.whl", hash = "sha256:4ae44c42281f42e3b06b988e442d344a5b9b72450ff3c892e30d11b29a96a57c" },
    { url = "https://mirrors.aliyun.com/pypi/packages/44/ed/e81dd668547da281e5dce710cf0bc60193f8d3d43833e8241d006720e42b/ruff-0.15.5-py3-none-macosx_10_12_x86_64.whl", hash = "sha256:6edd3792d408ebcf61adabc01822da687579a1a023f297618ac27a5b51ef0080" },
    { url = "https://mirrors.aliyun.com/pypi/packages/c4/8f/533075f00aaf19b07c5cd6aa6e5d89424b06b3b3f4583bfa9c640a079059/ruff-0.15.5-py3-none-macosx_11_0_arm64.whl", hash = "sha256:89f463f7c8205a9f8dea9d658d59eff49db05f88f89cc3047fb1a02d9f344010" },
    { url = "https://mirrors.aliyun.com/pypi/packages/66/0e/ba49e2c3fa0395b3152bad634c7432f7edfc509c133b8f4529053ff024fb/ruff-0.15.5-py3-none-manylinux_2_17_aarch64.manylinux2014_aarch64.whl", hash = "sha256:ba786a8295c6574c1116704cf0b9e6563de3432ac888d8f83685654fe528fd65" },
    { url = "https://mirrors.aliyun.com/pypi/packages/59/71/39234440f27a226475a0659561adb0d784b4d247dfe7f43ffc12dd02e288/ruff-0.15.5-py3-none-manylinux_2_17_armv7l.manylinux2014_armv7l.whl", hash = "sha256:fd4b801e57955fe9f02b31d20375ab3a5c4415f2e5105b79fb94cf2642c91440" },
    { url = "https://mirrors.aliyun.com/pypi/packages/f5/87/4140aa86a93df032156982b726f4952aaec4a883bb98cb6ef73c347da253/ruff-0.15.5-py3-none-manylinux_2_17_i686.manylinux2014_i686.whl", hash = "sha256:391f7c73388f3d8c11b794dbbc2959a5b5afe66642c142a6effa90b45f6f5204" },
    { url = "https://mirrors.aliyun.com/pypi/packages/5a/f7/4953e7e3287676f78fbe85e3a0ca414c5ca81237b7575bdadc00229ac240/ruff-0.15.5-py3-none-manylinux_2_17_ppc64le.manylinux2014_ppc64le.whl", hash = "sha256:8dc18f30302e379fe1e998548b0f5e9f4dff907f52f73ad6da419ea9c19d66c8" },
    { url = "https://mirrors.aliyun.com/pypi/packages/77/46/0f7c865c10cf896ccf5a939c3e84e1cfaeed608ff5249584799a74d33835/ruff-0.15.5-py3-none-manylinux_2_17_s390x.manylinux2014_s390x.whl", hash = "sha256:1cc6e7f90087e2d27f98dc34ed1b3ab7c8f0d273cc5431415454e22c0bd2a681" },
    { url = "https://mirrors.aliyun.com/pypi/packages/d3/01/a10fe54b653061585e655f5286c2662ebddb68831ed3eaebfb0eb08c0a16/ruff-0.15.5-py3-none-manylinux_2_17_x86_64.manylinux2014_x86_64.whl", hash = "sha256:c1cb7169f53c1ddb06e71a9aebd7e98fc0fea936b39afb36d8e86d36ecc2636a" },
    { url = "https://mirrors.aliyun.com/pypi/packages/7a/0d/2132ceaf20c5e8699aa83da2706ecb5c5dcdf78b453f77edca7fb70f8a93/ruff-0.15.5-py3-none-manylinux_2_31_riscv64.whl", hash = "sha256:9b037924500a31ee17389b5c8c4d88874cc6ea8e42f12e9c61a3d754ff72f1ca" },
    { url = "https://mirrors.aliyun.com/pypi/packages/72/cb/2e5259a7eb2a0f87c08c0fe5bf5825a1e4b90883a52685524596bfc93072/ruff-0.15.5-py3-none-musllinux_1_2_aarch64.whl", hash = "sha256:65bb414e5b4eadd95a8c1e4804f6772bbe8995889f203a01f77ddf2d790929dd" },
    { url = "https://mirrors.aliyun.com/pypi/packages/ff/20/b67ce78f9e6c59ffbdb5b4503d0090e749b5f2d31b599b554698a80d861c/ruff-0.15.5-py3-none-musllinux_1_2_armv7l.whl", hash = "sha256:d20aa469ae3b57033519c559e9bc9cd9e782842e39be05b50e852c7c981fa01d" },
    { url = "https://mirrors.aliyun.com/pypi/packages/5f/e5/719f1acccd31b720d477751558ed74e9c88134adcc377e5e886af89d3072/ruff-0.15.5-py3-none-musllinux_1_2_i686.whl", hash = "sha256:15388dd28c9161cdb8eda68993533acc870aa4e646a0a277aa166de9ad5a8752" },
    { url = "https://mirrors.aliyun.com/pypi/packages/c3/9c/d1db14469e32d98f3ca27079dbd30b7b44dbb5317d06ab36718dee3baf03/ruff-0.15.5-py3-none-musllinux_1_2_x86_64.whl", hash = "sha256:b30da330cbd03bed0c21420b6b953158f60c74c54c5f4c1dabbdf3a57bf355d2" },
    { url = "https://mirrors.aliyun.com/pypi/packages/28/3a/950367aee7c69027f4f422059227b290ed780366b6aecee5de5039d50fa8/ruff-0.15.5-py3-none-win32.whl", hash = "sha256:732e5ee1f98ba5b3679029989a06ca39a950cced52143a0ea82a2102cb592b74" },
    { url = "https://mirrors.aliyun.com/pypi/packages/b8/00/bf077a505b4e649bdd3c47ff8ec967735ce2544c8e4a43aba42ee9bf935d/ruff-0.15.5-py3-none-win_amd64.whl", hash = "sha256:821d41c5fa9e19117616c35eaa3f4b75046ec76c65e7ae20a333e9a8696bc7fe" },
    { url = "https://mirrors.aliyun.com/pypi/packages/fe/4e/cd76eca6db6115604b7626668e891c9dd03330384082e33662fb0f113614/ruff-0.15.5-py3-none-win_arm64.whl", hash = "sha256:b498d1c60d2fe5c10c45ec3f698901065772730b411f164ae270bb6bfcc4740b" },
]

[[package]]
name = "tomli"
version = "2.4.0"
source = { registry = "https://mirrors.aliyun.com/pypi/simple/" }
sdist = { url = "https://mirrors.aliyun.com/pypi/packages/82/30/31573e9457673ab10aa432461bee537ce6cef177667deca369efb79df071/tomli-2.4.0.tar.gz", hash = "sha256:aa89c3f6c277dd275d8e243ad24f3b5e701491a860d5121f2cdd399fbb31fc9c" }
wheels = [
    { url = "https://mirrors.aliyun.com/pypi/packages/34/91/7f65f9809f2936e1f4ce6268ae1903074563603b2a2bd969ebbda802744f/tomli-2.4.0-cp313-cp313-macosx_10_13_x86_64.whl", hash = "sha256:84d081fbc252d1b6a982e1870660e7330fb8f90f676f6e78b052ad4e64714bf0" },
    { url = "https://mirrors.aliyun.com/pypi/packages/20/aa/64dd73a5a849c2e8f216b755599c511badde80e91e9bc2271baa7b2cdbb1/tomli-2.4.0-cp313-cp313-macosx_11_0_arm64.whl", hash = "sha256:9a08144fa4cba33db5255f9b74f0b89888622109bd2776148f2597447f92a94e" },
    { url = "https://mirrors.aliyun.com/pypi/packages/9e/8a/6d38870bd3d52c8d1505ce054469a73f73a0fe62c0eaf5dddf61447e32fa/tomli-2.4.0-cp313-cp313-manylinux2014_aarch64.manylinux_2_17_aarch64.manylinux_2_28_aarch64.whl", hash = "sha256:c73add4bb52a206fd0c0723432db123c0c75c280cbd67174dd9d2db228ebb1b4" },
    { url = "https://mirrors.aliyun.com/pypi/packages/59/bb/8002fadefb64ab2669e5b977df3f5e444febea60e717e755b38bb7c41029/tomli-2.4.0-cp313-cp313-manylinux2014_x86_64.manylinux_2_17_x86_64.manylinux_2_28_x86_64.whl", hash = "sha256:1fb2945cbe303b1419e2706e711b7113da57b7db31ee378d08712d678a34e51e" },
    { url = "https://mirrors.aliyun.com/pypi/packages/a5/3d/4cdb6f791682b2ea916af2de96121b3cb1284d7c203d97d92d6003e91c8d/tomli-2.4.0-cp313-cp313-musllinux_1_2_aarch64.whl", hash = "sha256:bbb1b10aa643d973366dc2cb1ad94f99c1726a02343d43cbc011edbfac579e7c" },
    { url = "https://mirrors.aliyun.com/pypi/packages/f2/4a/5f25789f9a460bd858ba9756ff52d0830d825b458e13f754952dd15fb7bb/tomli-2.4.0-cp313-cp313-musllinux_1_2_x86_64.whl", hash = "sha256:4cbcb367d44a1f0c2be408758b43e1ffb5308abe0ea222897d6bfc8e8281ef2f" },
    { url = "https://mirrors.aliyun.com/pypi/packages/aa/2f/b73a36fea58dfa08e8b3a268750e6853a6aac2a349241a905ebd86f3047a/tomli-2.4.0-cp313-cp313-win32.whl", hash = "sha256:7d49c66a7d5e56ac959cb6fc583aff0651094ec071ba9ad43df785abc2320d86" },
    { url = "https://mirrors.aliyun.com/pypi/packages/3b/af/ca18c134b5d75de7e8dc551c5234eaba2e8e951f6b30139599b53de9c187/tomli-2.4.0-cp313-cp313-win_amd64.whl", hash = "sha256:3cf226acb51d8f1c394c1b310e0e0e61fecdd7adcb78d01e294ac297dd2e7f87" },
    { url = "https://mirrors.aliyun.com/pypi/packages/22/c3/b386b832f209fee8073c8138ec50f27b4460db2fdae9ffe022df89a57f9b/tomli-2.4.0-cp313-cp313-win_arm64.whl", hash = "sha256:d20b797a5c1ad80c516e41bc1fb0443ddb5006e9aaa7bda2d71978346aeb9132" },
    { url = "https://mirrors.aliyun.com/pypi/packages/f3/c4/84047a97eb1004418bc10bdbcfebda209fca6338002eba2dc27cc6d13563/tomli-2.4.0-cp314-cp314-macosx_10_15_x86_64.whl", hash = "sha256:26ab906a1eb794cd4e103691daa23d95c6919cc2fa9160000ac02370cc9dd3f6" },
    { url = "https://mirrors.aliyun.com/pypi/packages/a8/5d/d39038e646060b9d76274078cddf146ced86dc2b9e8bbf737ad5983609a0/tomli-2.4.0-cp314-cp314-macosx_11_0_arm64.whl", hash = "sha256:20cedb4ee43278bc4f2fee6cb50daec836959aadaf948db5172e776dd3d993fc" },
    { url = "https://mirrors.aliyun.com/pypi/packages/73/e5/383be1724cb30f4ce44983d249645684a48c435e1cd4f8b5cded8a816d3c/tomli-2.4.0-cp314-cp314-manylinux2014_aarch64.manylinux_2_17_aarch64.manylinux_2_28_aarch64.whl", hash = "sha256:39b0b5d1b6dd03684b3fb276407ebed7090bbec989fa55838c98560c01113b66" },
    { url = "https://mirrors.aliyun.com/pypi/packages/31/f0/bea80c17971c8d16d3cc109dc3585b0f2ce1036b5f4a8a183789023574f2/tomli-2.4.0-cp314-cp314-manylinux2014_x86_64.manylinux_2_17_x86_64.manylinux_2_28_x86_64.whl", hash = "sha256:a26d7ff68dfdb9f87a016ecfd1e1c2bacbe3108f4e0f8bcd2228ef9a766c787d" },
    { url = "https://mirrors.aliyun.com/pypi/packages/2c/8f/2853c36abbb7608e3f945d8a74e32ed3a74ee3a1f468f1ffc7d1cb3abba6/tomli-2.4.0-cp314-cp314-musllinux_1_2_aarch64.whl", hash = "sha256:20ffd184fb1df76a66e34bd1b36b4a4641bd2b82954befa32fe8163e79f1a702" },
    { url = "https://mirrors.aliyun.com/pypi/packages/49/f0/6c05e3196ed5337b9fe7ea003e95fd3819a840b7a0f2bf5a408ef1dad8ed/tomli-2.4.0-cp314-cp314-musllinux_1_2_x86_64.whl", hash = "sha256:75c2f8bbddf170e8effc98f5e9084a8751f8174ea6ccf4fca5398436e0320bc8" },
    { url = "https://mirrors.aliyun.com/pypi/packages/f3/f5/2922ef29c9f2951883525def7429967fc4d8208494e5ab524234f06b688b/tomli-2.4.0-cp314-cp314-win32.whl", hash = "sha256:31d556d079d72db7c584c0627ff3a24c5d3fb4f730221d3444f3efb1b2514776" },
    { url = "https://mirrors.aliyun.com/pypi/packages/7b/31/22b52e2e06dd2a5fdbc3ee73226d763b184ff21fc24e20316a44ccc4d96b/tomli-2.4.0-cp314-cp314-win_amd64.whl", hash = "sha256:43e685b9b2341681907759cf3a04e14d7104b3580f808cfde1dfdb60ada85475" },
    { url = "https://mirrors.aliyun.com/pypi/packages/48/3d/5058dff3255a3d01b705413f64f4306a141a8fd7a251e5a495e3f192a998/tomli-2.4.0-cp314-cp314-win_arm64.whl", hash = "sha256:3d895d56bd3f82ddd6faaff993c275efc2ff38e52322ea264122d72729dca2b2" },
    { url = "https://mirrors.aliyun.com/pypi/packages/b8/4e/75dab8586e268424202d3a1997ef6014919c941b50642a1682df43204c22/tomli-2.4.0-cp314-cp314t-macosx_10_15_x86_64.whl", hash = "sha256:5b5807f3999fb66776dbce568cc9a828544244a8eb84b84b9bafc080c99597b9" },
    { url = "https://mirrors.aliyun.com/pypi/packages/06/e3/b904d9ab1016829a776d97f163f183a48be6a4deb87304d1e0116a349519/tomli-2.4.0-cp314-cp314t-macosx_11_0_arm64.whl", hash = "sha256:c084ad935abe686bd9c898e62a02a19abfc9760b5a79bc29644463eaf2840cb0" },
    { url = "https://mirrors.aliyun.com/pypi/packages/e3/5a/fc3622c8b1ad823e8ea98a35e3c632ee316d48f66f80f9708ceb4f2a0322/tomli-2.4.0-cp314-cp314t-manylinux2014_aarch64.manylinux_2_17_aarch64.manylinux_2_28_aarch64.whl", hash = "sha256:0f2e3955efea4d1cfbcb87bc321e00dc08d2bcb737fd1d5e398af111d86db5df" },
    { url = "https://mirrors.aliyun.com/pypi/packages/fd/33/62bd6152c8bdd4c305ad9faca48f51d3acb2df1f8791b1477d46ff86e7f8/tomli-2.4.0-cp314-cp314t-manylinux2014_x86_64.manylinux_2_17_x86_64.manylinux_2_28_x86_64.whl", hash = "sha256:0e0fe8a0b8312acf3a88077a0802565cb09ee34107813bba1c7cd591fa6cfc8d" },
    { url = "https://mirrors.aliyun.com/pypi/packages/4b/ff/ae53619499f5235ee4211e62a8d7982ba9e439a0fb4f2f351a93d67c1dd2/tomli-2.4.0-cp314-cp314t-musllinux_1_2_aarch64.whl", hash = "sha256:413540dce94673591859c4c6f794dfeaa845e98bf35d72ed59636f869ef9f86f" },
    { url = "https://mirrors.aliyun.com/pypi/packages/47/71/cbca7787fa68d4d0a9f7072821980b39fbb1b6faeb5f5cf02f4a5559fa28/tomli-2.4.0-cp314-cp314t-musllinux_1_2_x86_64.whl", hash = "sha256:0dc56fef0e2c1c470aeac5b6ca8cc7b640bb93e92d9803ddaf9ea03e198f5b0b" },
    { url = "https://mirrors.aliyun.com/pypi/packages/f5/00/d595c120963ad42474cf6ee7771ad0d0e8a49d0f01e29576ee9195d9ecdf/tomli-2.4.0-cp314-cp314t-win32.whl", hash = "sha256:d878f2a6707cc9d53a1be1414bbb419e629c3d6e67f69230217bb663e76b5087" },
    { url = "https://mirrors.aliyun.com/pypi/packages/de/69/9aa0c6a505c2f80e519b43764f8b4ba93b5a0bbd2d9a9de6e2b24271b9a5/tomli-2.4.0-cp314-cp314t-win_amd64.whl", hash = "sha256:2add28aacc7425117ff6364fe9e06a183bb0251b03f986df0e78e974047571fd" },
    { url = "https://mirrors.aliyun.com/pypi/packages/b3/9f/f1668c281c58cfae01482f7114a4b88d345e4c140386241a1a24dcc9e7bc/tomli-2.4.0-cp314-cp314t-win_arm64.whl", hash = "sha256:2b1e3b80e1d5e52e40e9b924ec43d81570f0e7d09d11081b797bc4692765a3d4" },
    { url = "https://mirrors.aliyun.com/pypi/packages/23/d1/136eb2cb77520a31e1f64cbae9d33ec6df0d78bdf4160398e86eec8a8754/tomli-2.4.0-py3-none-any.whl", hash = "sha256:1f776e7d669ebceb01dee46484485f43a4048746235e683bcdffacdf1fb4785a" },
]

[[package]]
name = "ty"
version = "0.0.21"
source = { registry = "https://mirrors.aliyun.com/pypi/simple/" }
sdist = { url = "https://mirrors.aliyun.com/pypi/packages/ee/20/2ba8fd9493c89c41dfe9dbb73bc70a28b28028463bc0d2897ba8be36230a/ty-0.0.21.tar.gz", hash = "sha256:a4c2ba5d67d64df8fcdefd8b280ac1149d24a73dbda82fa953a0dff9d21400ed" }
wheels = [
    { url = "https://mirrors.aliyun.com/pypi/packages/36/70/edf38bb37517531681d1c37f5df64744e5ad02673c02eb48447eae4bea08/ty-0.0.21-py3-none-linux_armv6l.whl", hash = "sha256:7bdf2f572378de78e1f388d24691c89db51b7caf07cf90f2bfcc1d6b18b70a76" },
    { url = "https://mirrors.aliyun.com/pypi/packages/72/62/0047b0bd19afeefbc7286f20a5f78a2aa39f92b4d89853f0d7185ab89edc/ty-0.0.21-py3-none-macosx_10_12_x86_64.whl", hash = "sha256:7e9613994610431ab8625025bd2880dbcb77c5c9fabdd21134cda12d840a529d" },
    { url = "https://mirrors.aliyun.com/pypi/packages/a2/20/0b93a9e91aaed23155780258cdfdb4726ef68b6985378ac069bc427291a0/ty-0.0.21-py3-none-macosx_11_0_arm64.whl", hash = "sha256:56d3b198b64dd0a19b2b66e257deaed2ecea568e722ae5352f3c6fb62027f89d" },
    { url = "https://mirrors.aliyun.com/pypi/packages/ea/fd/9945e2fa2996a1287b1e1d7ce050e97e1f420233b271e770934bfa0880a0/ty-0.0.21-py3-none-manylinux_2_17_aarch64.manylinux2014_aarch64.whl", hash = "sha256:d23d2c34f7a77d974bb08f0860ef700addc8a683d81a0319f71c08f87506cfd0" },
    { url = "https://mirrors.aliyun.com/pypi/packages/52/e7/4ec52fcb15f3200826c9f048472c062549a05b0d1ef0b51f32d527b513c4/ty-0.0.21-py3-none-manylinux_2_17_armv7l.manylinux2014_armv7l.whl", hash = "sha256:56b01fd2519637a4ca88344f61c96225f540c98ff18bca321d4eaa7bb0f7aa2f" },
    { url = "https://mirrors.aliyun.com/pypi/packages/ee/c0/ad457be2a8abea0f25549598bd098554540ced66229488daa0d558dad3c8/ty-0.0.21-py3-none-manylinux_2_17_i686.manylinux2014_i686.whl", hash = "sha256:e9de7e11c63c6afc40f3e9ba716374add171aee7fabc70b5146a510705c6d41b" },
    { url = "https://mirrors.aliyun.com/pypi/packages/f8/5b/2ecc7a2175243a4bcb72f5298ae41feabbb93b764bb0dc45722f3752c2c2/ty-0.0.21-py3-none-manylinux_2_17_ppc64le.manylinux2014_ppc64le.whl", hash = "sha256:62f7f5b235c4f7876db305c36997aea07b7af29b1a068f373d0e2547e25f32ff" },
    { url = "https://mirrors.aliyun.com/pypi/packages/37/f5/aff507d6a901f328ef96a298032b0c11aaaf950a146ed7dd3b5bf2cd3acf/ty-0.0.21-py3-none-manylinux_2_17_s390x.manylinux2014_s390x.whl", hash = "sha256:ee8399f7c453a425291e6688efe430cfae7ab0ac4ffd50eba9f872bf878b54f6" },
    { url = "https://mirrors.aliyun.com/pypi/packages/be/30/822bbcb92d55b65989aa7ed06d9585f28ade9c9447369194ed4b0fb3b5b9/ty-0.0.21-py3-none-manylinux_2_17_x86_64.manylinux2014_x86_64.whl", hash = "sha256:210e7568c9f886c4d01308d751949ee714ad7ad9d7d928d2ba90d329dd880367" },
    { url = "https://mirrors.aliyun.com/pypi/packages/57/cc/46e7991b6469e93ac2c7e533a028983e402485580150ac864c56352a3a82/ty-0.0.21-py3-none-musllinux_1_2_aarch64.whl", hash = "sha256:53508e345b11569f78b21ba8e2b4e61df38a9754947fb3cd9f2ef574367338fb" },
    { url = "https://mirrors.aliyun.com/pypi/packages/15/c2/0bbdadfbd008240f8f1a87dc877433cb3884436097926107ccf06e618199/ty-0.0.21-py3-none-musllinux_1_2_armv7l.whl", hash = "sha256:553e43571f4a35604c36cfd07d8b61a5eb7a714e3c67f8c4ff2cf674fefbaef9" },
    { url = "https://mirrors.aliyun.com/pypi/packages/c5/b5/2dbdb7b57b5362200ef0a39738ebd31331726328336def0143ac097ee59d/ty-0.0.21-py3-none-musllinux_1_2_i686.whl", hash = "sha256:666f6822e3b9200abfa7e95eb0ddd576460adb8d66b550c0ad2c70abc84a2048" },
    { url = "https://mirrors.aliyun.com/pypi/packages/72/84/70e52c0b7abc7c2086f9876ef454a73b161d3125315536d8d7e911c94ca4/ty-0.0.21-py3-none-musllinux_1_2_x86_64.whl", hash = "sha256:a0854d008347ce4a5fb351af132f660a390ab2a1163444d075251d43e6f74b9b" },
    { url = "https://mirrors.aliyun.com/pypi/packages/a1/8a/1f72480fd013bbc6cd1929002abbbcde9a0b08ead6a15154de9d7f7fa37e/ty-0.0.21-py3-none-win32.whl", hash = "sha256:bef3ab4c7b966bcc276a8ac6c11b63ba222d21355b48d471ea782c4104eee4e0" },
    { url = "https://mirrors.aliyun.com/pypi/packages/8d/f8/1104808b875c26c640e536945753a78562d606bef4e241d9dbf3d92477f6/ty-0.0.21-py3-none-win_amd64.whl", hash = "sha256:a709d576e5bea84b745d43058d8b9cd4f27f74a0b24acb4b0cbb7d3d41e0d050" },
    { url = "https://mirrors.aliyun.com/pypi/packages/1b/b8/25e0adc404bbf986977657b25318991f93097b49f8aea640d93c0b0db68e/ty-0.0.21-py3-none-win_arm64.whl", hash = "sha256:f72047996598ac20553fb7e21ba5741e3c82dee4e9eadf10d954551a5fe09391" },
]
